
Microsoft Visual Studio Solution File, Format Version 12.00
# Visual Studio Version 16
VisualStudioVersion = 16.0.32126.315
MinimumVisualStudioVersion = 10.0.40219.1
Project("{9A19103F-16F7-4668-BE54-9A1E7A4F7556}") = "MCLauncher", "MCLauncher\MCLauncher.csproj", "{CBDC88B7-6249-404F-931F-99924D4D4674}"
EndProject
Global
	GlobalSection(SolutionConfigurationPlatforms) = preSolution
		Debug|Any CPU = Debug|Any CPU
		Release|Any CPU = Release|Any CPU
	EndGlobalSection
	GlobalSection(ProjectConfigurationPlatforms) = postSolution
		{CBDC88B7-6249-404F-931F-99924D4D4674}.Debug|Any CPU.ActiveCfg = Debug|Any CPU
		{CBDC88B7-6249-404F-931F-99924D4D4674}.Debug|Any CPU.Build.0 = Debug|Any CPU
		{CBDC88B7-6249-404F-931F-99924D4D4674}.Release|Any CPU.ActiveCfg = Release|Any CPU
		{CBDC88B7-6249-404F-931F-99924D4D4674}.Release|Any CPU.Build.0 = Release|Any CPU
	EndGlobalSection
	GlobalSection(SolutionProperties) = preSolution
		HideSolutionNode = FALSE
	EndGlobalSection
	GlobalSection(ExtensibilityGlobals) = postSolution
		SolutionGuid = {9F31973B-146C-4225-B25B-D1D46CD3B967}
	EndGlobalSection
EndGlobal
